{
  "name": "meme-generator",
  "version": "0.1.0",
  "lockfileVersion": 1,
  "requires": true,
  "dependencies": {
    "dom-to-image-more": {
      "version": "2.7.5",
      "resolved": "https://registry.npmjs.org/dom-to-image-more/-/dom-to-image-more-2.7.5.tgz",
      "integrity": "sha512-SL6uAAPQbrqIpDPouJEt49pxm0VhCCoAJxtn1B3AzjEFc83URCrmA1PIb45UkuZCuLcWYQDS5MMfnvBeZ3Re4g=="
    },
    "yarn": {
      "version": "1.13.0",
      "resolved": "https://registry.npmjs.org/yarn/-/yarn-1.13.0.tgz",
      "integrity": "sha512-Unfw2eefv8imt4ZMPhvFVP44WCz38huDxkHs+Yqrx4wBTK75Tr0mh3V4rh+2Nw5iQq0rcM/VafotCZo9qTb5DA=="
    }
  }
}
