
Microsoft Visual Studio Solution File, Format Version 12.00
# Visual Studio Version 16
VisualStudioVersion = 16.0.28711.60
MinimumVisualStudioVersion = 10.0.40219.1
Project("{FAE04EC0-301F-11D3-BF4B-00C04F79EFBC}") = "MemeGenerator", "MemeGenerator\MemeGenerator.csproj", "{DC8A002C-6A2C-4E3B-9985-A13EBA2E5C1E}"
EndProject
Project("{FAE04EC0-301F-11D3-BF4B-00C04F79EFBC}") = "MemeGenerator.Tests", "MemeGenerator.Tests\MemeGenerator.Tests.csproj", "{4030534B-E958-4B16-A24A-6355AA9759AF}"
EndProject
Global
	GlobalSection(SolutionConfigurationPlatforms) = preSolution
		Debug|Any CPU = Debug|Any CPU
		Release|Any CPU = Release|Any CPU
	EndGlobalSection
	GlobalSection(ProjectConfigurationPlatforms) = postSolution
		{DC8A002C-6A2C-4E3B-9985-A13EBA2E5C1E}.Debug|Any CPU.ActiveCfg = Debug|Any CPU
		{DC8A002C-6A2C-4E3B-9985-A13EBA2E5C1E}.Debug|Any CPU.Build.0 = Debug|Any CPU
		{DC8A002C-6A2C-4E3B-9985-A13EBA2E5C1E}.Release|Any CPU.ActiveCfg = Release|Any CPU
		{DC8A002C-6A2C-4E3B-9985-A13EBA2E5C1E}.Release|Any CPU.Build.0 = Release|Any CPU
		{4030534B-E958-4B16-A24A-6355AA9759AF}.Debug|Any CPU.ActiveCfg = Debug|Any CPU
		{4030534B-E958-4B16-A24A-6355AA9759AF}.Debug|Any CPU.Build.0 = Debug|Any CPU
		{4030534B-E958-4B16-A24A-6355AA9759AF}.Release|Any CPU.ActiveCfg = Release|Any CPU
		{4030534B-E958-4B16-A24A-6355AA9759AF}.Release|Any CPU.Build.0 = Release|Any CPU
	EndGlobalSection
	GlobalSection(SolutionProperties) = preSolution
		HideSolutionNode = FALSE
	EndGlobalSection
	GlobalSection(ExtensibilityGlobals) = postSolution
		SolutionGuid = {EEE92F7D-37AE-45B4-AD38-329FCA4BEDA9}
	EndGlobalSection
EndGlobal
